
Microsoft Visual Studio Solution File, Format Version 12.00
# Visual Studio Version 17
VisualStudioVersion = 17.4.33213.308
MinimumVisualStudioVersion = 10.0.40219.1
Project("{FAE04EC0-301F-11D3-BF4B-00C04F79EFBC}") = "C sharp 1 практическая", "C sharp 1 практическая.csproj", "{3E493083-DA6B-4F33-A2DE-BAD2CB25B87F}"
EndProject
Global
	GlobalSection(SolutionConfigurationPlatforms) = preSolution
		Debug|Any CPU = Debug|Any CPU
		Release|Any CPU = Release|Any CPU
	EndGlobalSection
	GlobalSection(ProjectConfigurationPlatforms) = postSolution
		{3E493083-DA6B-4F33-A2DE-BAD2CB25B87F}.Debug|Any CPU.ActiveCfg = Debug|Any CPU
		{3E493083-DA6B-4F33-A2DE-BAD2CB25B87F}.Debug|Any CPU.Build.0 = Debug|Any CPU
		{3E493083-DA6B-4F33-A2DE-BAD2CB25B87F}.Release|Any CPU.ActiveCfg = Release|Any CPU
		{3E493083-DA6B-4F33-A2DE-BAD2CB25B87F}.Release|Any CPU.Build.0 = Release|Any CPU
	EndGlobalSection
	GlobalSection(SolutionProperties) = preSolution
		HideSolutionNode = FALSE
	EndGlobalSection
	GlobalSection(ExtensibilityGlobals) = postSolution
		SolutionGuid = {92C1E88A-57A8-4F0C-ACD9-9C7EE4CC4807}
	EndGlobalSection
EndGlobal
